
Microsoft Visual Studio Solution File, Format Version 12.00
# Visual Studio Version 17
VisualStudioVersion = 17.8.34525.116
MinimumVisualStudioVersion = 10.0.40219.1
Project("{FAE04EC0-301F-11D3-BF4B-00C04F79EFBC}") = "Demo", "Demo.csproj", "{9B63D071-DB0B-4BC4-8FD6-58922671C09E}"
EndProject
Global
	GlobalSection(SolutionConfigurationPlatforms) = preSolution
		Debug|Any CPU = Debug|Any CPU
		Release|Any CPU = Release|Any CPU
	EndGlobalSection
	GlobalSection(ProjectConfigurationPlatforms) = postSolution
		{9B63D071-DB0B-4BC4-8FD6-58922671C09E}.Debug|Any CPU.ActiveCfg = Debug|Any CPU
		{9B63D071-DB0B-4BC4-8FD6-58922671C09E}.Debug|Any CPU.Build.0 = Debug|Any CPU
		{9B63D071-DB0B-4BC4-8FD6-58922671C09E}.Release|Any CPU.ActiveCfg = Release|Any CPU
		{9B63D071-DB0B-4BC4-8FD6-58922671C09E}.Release|Any CPU.Build.0 = Release|Any CPU
	EndGlobalSection
	GlobalSection(SolutionProperties) = preSolution
		HideSolutionNode = FALSE
	EndGlobalSection
	GlobalSection(ExtensibilityGlobals) = postSolution
		SolutionGuid = {6140E268-F612-4E7A-ABF8-3E364F81B2CA}
	EndGlobalSection
EndGlobal
